
Microsoft Visual Studio Solution File, Format Version 12.00
# Visual Studio Version 17
VisualStudioVersion = 17.5.33502.453
MinimumVisualStudioVersion = 10.0.40219.1
Project("{FAE04EC0-301F-11D3-BF4B-00C04F79EFBC}") = "Rent-a-Car", "Rent-a-Car\Rent-a-Car.csproj", "{BE6651A0-DB99-4753-B409-7D4713028EE6}"
EndProject
Global
	GlobalSection(SolutionConfigurationPlatforms) = preSolution
		Debug|Any CPU = Debug|Any CPU
		Release|Any CPU = Release|Any CPU
	EndGlobalSection
	GlobalSection(ProjectConfigurationPlatforms) = postSolution
		{BE6651A0-DB99-4753-B409-7D4713028EE6}.Debug|Any CPU.ActiveCfg = Debug|Any CPU
		{BE6651A0-DB99-4753-B409-7D4713028EE6}.Debug|Any CPU.Build.0 = Debug|Any CPU
		{BE6651A0-DB99-4753-B409-7D4713028EE6}.Release|Any CPU.ActiveCfg = Release|Any CPU
		{BE6651A0-DB99-4753-B409-7D4713028EE6}.Release|Any CPU.Build.0 = Release|Any CPU
	EndGlobalSection
	GlobalSection(SolutionProperties) = preSolution
		HideSolutionNode = FALSE
	EndGlobalSection
	GlobalSection(ExtensibilityGlobals) = postSolution
		SolutionGuid = {831DA25D-8AD1-4B14-9C37-C689A53C3191}
	EndGlobalSection
EndGlobal
