
Microsoft Visual Studio Solution File, Format Version 12.00
# Visual Studio Version 17
VisualStudioVersion = 17.3.32929.385
MinimumVisualStudioVersion = 10.0.40219.1
Project("{9A19103F-16F7-4668-BE54-9A1E7A4F7556}") = "PersonInfo", "PersonInfo\PersonInfo.csproj", "{2B0057A2-1104-4A28-81D0-DC88487D926B}"
EndProject
Project("{FAE04EC0-301F-11D3-BF4B-00C04F79EFBC}") = "Telephony", "Telephony\Telephony.csproj", "{E95A007C-314E-40E8-8E78-2DA76B827151}"
EndProject
Project("{FAE04EC0-301F-11D3-BF4B-00C04F79EFBC}") = "BorderControl", "BorderControl\BorderControl.csproj", "{19688EC2-F899-4C44-8AB3-C006FA97E1E7}"
EndProject
Project("{FAE04EC0-301F-11D3-BF4B-00C04F79EFBC}") = "BirthdayCelebrations", "BirthdayCelebrations\BirthdayCelebrations.csproj", "{18C0605F-44FC-40E5-BF95-F407D74BC951}"
EndProject
Project("{FAE04EC0-301F-11D3-BF4B-00C04F79EFBC}") = "FoodShortage", "FoodShortage\FoodShortage.csproj", "{1552AFF9-4754-4904-A692-292958E92B55}"
EndProject
Global
	GlobalSection(SolutionConfigurationPlatforms) = preSolution
		Debug|Any CPU = Debug|Any CPU
		Release|Any CPU = Release|Any CPU
	EndGlobalSection
	GlobalSection(ProjectConfigurationPlatforms) = postSolution
		{2B0057A2-1104-4A28-81D0-DC88487D926B}.Debug|Any CPU.ActiveCfg = Debug|Any CPU
		{2B0057A2-1104-4A28-81D0-DC88487D926B}.Debug|Any CPU.Build.0 = Debug|Any CPU
		{2B0057A2-1104-4A28-81D0-DC88487D926B}.Release|Any CPU.ActiveCfg = Release|Any CPU
		{2B0057A2-1104-4A28-81D0-DC88487D926B}.Release|Any CPU.Build.0 = Release|Any CPU
		{E95A007C-314E-40E8-8E78-2DA76B827151}.Debug|Any CPU.ActiveCfg = Debug|Any CPU
		{E95A007C-314E-40E8-8E78-2DA76B827151}.Debug|Any CPU.Build.0 = Debug|Any CPU
		{E95A007C-314E-40E8-8E78-2DA76B827151}.Release|Any CPU.ActiveCfg = Release|Any CPU
		{E95A007C-314E-40E8-8E78-2DA76B827151}.Release|Any CPU.Build.0 = Release|Any CPU
		{19688EC2-F899-4C44-8AB3-C006FA97E1E7}.Debug|Any CPU.ActiveCfg = Debug|Any CPU
		{19688EC2-F899-4C44-8AB3-C006FA97E1E7}.Debug|Any CPU.Build.0 = Debug|Any CPU
		{19688EC2-F899-4C44-8AB3-C006FA97E1E7}.Release|Any CPU.ActiveCfg = Release|Any CPU
		{19688EC2-F899-4C44-8AB3-C006FA97E1E7}.Release|Any CPU.Build.0 = Release|Any CPU
		{18C0605F-44FC-40E5-BF95-F407D74BC951}.Debug|Any CPU.ActiveCfg = Debug|Any CPU
		{18C0605F-44FC-40E5-BF95-F407D74BC951}.Debug|Any CPU.Build.0 = Debug|Any CPU
		{18C0605F-44FC-40E5-BF95-F407D74BC951}.Release|Any CPU.ActiveCfg = Release|Any CPU
		{18C0605F-44FC-40E5-BF95-F407D74BC951}.Release|Any CPU.Build.0 = Release|Any CPU
		{1552AFF9-4754-4904-A692-292958E92B55}.Debug|Any CPU.ActiveCfg = Debug|Any CPU
		{1552AFF9-4754-4904-A692-292958E92B55}.Debug|Any CPU.Build.0 = Debug|Any CPU
		{1552AFF9-4754-4904-A692-292958E92B55}.Release|Any CPU.ActiveCfg = Release|Any CPU
		{1552AFF9-4754-4904-A692-292958E92B55}.Release|Any CPU.Build.0 = Release|Any CPU
	EndGlobalSection
	GlobalSection(SolutionProperties) = preSolution
		HideSolutionNode = FALSE
	EndGlobalSection
	GlobalSection(ExtensibilityGlobals) = postSolution
		SolutionGuid = {BBB56178-B307-4672-A7FB-EA83AF2EC93A}
	EndGlobalSection
EndGlobal
